
Microsoft Visual Studio Solution File, Format Version 12.00
# Visual Studio Version 17
VisualStudioVersion = 17.14.36603.0 d17.14
MinimumVisualStudioVersion = 10.0.40219.1
Project("{FAE04EC0-301F-11D3-BF4B-00C04F79EFBC}") = "EpaVM_WF", "EpaVM_WF.csproj", "{067B110E-5064-4339-A961-D9201631B423}"
EndProject
Global
	GlobalSection(SolutionConfigurationPlatforms) = preSolution
		Debug|Any CPU = Debug|Any CPU
		Release|Any CPU = Release|Any CPU
	EndGlobalSection
	GlobalSection(ProjectConfigurationPlatforms) = postSolution
		{067B110E-5064-4339-A961-D9201631B423}.Debug|Any CPU.ActiveCfg = Debug|Any CPU
		{067B110E-5064-4339-A961-D9201631B423}.Debug|Any CPU.Build.0 = Debug|Any CPU
		{067B110E-5064-4339-A961-D9201631B423}.Release|Any CPU.ActiveCfg = Release|Any CPU
		{067B110E-5064-4339-A961-D9201631B423}.Release|Any CPU.Build.0 = Release|Any CPU
	EndGlobalSection
	GlobalSection(SolutionProperties) = preSolution
		HideSolutionNode = FALSE
	EndGlobalSection
	GlobalSection(ExtensibilityGlobals) = postSolution
		SolutionGuid = {D430048A-6BB6-4F84-9840-C654C856F639}
	EndGlobalSection
EndGlobal
